{
  "name": "renovate-13926",
  "version": "1.0.0",
  "lockfileVersion": 2,
  "requires": true,
  "packages": {
    "": {
      "name": "renovate-13926",
      "version": "1.0.0",
      "license": "MIT",
      "dependencies": {
        "debug": "^4.3.2"
      }
    },
    "node_modules/debug": {
      "version": "4.3.2",
      "license": "MIT",
      "dependencies": {
        "ms": "2.1.2"
      },
      "engines": {
        "node": ">=6.0"
      },
      "peerDependenciesMeta": {
        "supports-color": {
          "optional": true
        }
      }
    },
    "node_modules/ms": {
      "version": "2.1.2",
      "license": "MIT"
    }
  },
  "dependencies": {
    "debug": {
      "version": "4.3.2",
      "requires": {
        "ms": "2.1.2"
      }
    },
    "ms": {
      "version": "2.1.2"
    }
  }
}
